<Solution>
  <Folder Name="/Solution Items/">
    <File Path="build.ps1" />
    <File Path="Directory.Build.props" />
    <File Path="global.json" />
    <File Path="README.md" />
  </Folder>
  <Project Path="ClickSaver2026.App/ClickSaver2026.App.csproj" />
  <Project Path="ClickSaver2026.Core/ClickSaver2026.Core.csproj" />
  <Project Path="ClickSaver2026.Tests/ClickSaver2026.Tests.csproj" />
</Solution>
